
Microsoft Visual Studio Solution File, Format Version 12.00
# Visual Studio Version 17
VisualStudioVersion = 17.0.32014.148
MinimumVisualStudioVersion = 10.0.40219.1
Project("{9A19103F-16F7-4668-BE54-9A1E7A4F7556}") = "SeniorProject", "SeniorProject\SeniorProject.csproj", "{882475F4-8991-4206-875D-85FFC7DE82F1}"
EndProject
Project("{2150E333-8FDC-42A3-9474-1A3956D46DE8}") = "Solution Items", "Solution Items", "{D005517B-6122-437F-8631-3CA05CFB486C}"
	ProjectSection(SolutionItems) = preProject
		.editorconfig = .editorconfig
	EndProjectSection
EndProject
Global
	GlobalSection(SolutionConfigurationPlatforms) = preSolution
		Debug|Any CPU = Debug|Any CPU
		Release|Any CPU = Release|Any CPU
	EndGlobalSection
	GlobalSection(ProjectConfigurationPlatforms) = postSolution
		{882475F4-8991-4206-875D-85FFC7DE82F1}.Debug|Any CPU.ActiveCfg = Debug|Any CPU
		{882475F4-8991-4206-875D-85FFC7DE82F1}.Debug|Any CPU.Build.0 = Debug|Any CPU
		{882475F4-8991-4206-875D-85FFC7DE82F1}.Release|Any CPU.ActiveCfg = Release|Any CPU
		{882475F4-8991-4206-875D-85FFC7DE82F1}.Release|Any CPU.Build.0 = Release|Any CPU
	EndGlobalSection
	GlobalSection(SolutionProperties) = preSolution
		HideSolutionNode = FALSE
	EndGlobalSection
	GlobalSection(ExtensibilityGlobals) = postSolution
		SolutionGuid = {F513989D-2791-489C-8854-612C3BCA14EE}
	EndGlobalSection
EndGlobal
